
Microsoft Visual Studio Solution File, Format Version 12.00
# Visual Studio Version 16
VisualStudioVersion = 16.0.30011.22
MinimumVisualStudioVersion = 10.0.40219.1
Project("{9A19103F-16F7-4668-BE54-9A1E7A4F7556}") = "CleanupDotnet", "CleanupDotnet.csproj", "{98FAC88B-3D46-4894-BCBC-136559F24761}"
EndProject
Global
	GlobalSection(SolutionConfigurationPlatforms) = preSolution
		Debug|Any CPU = Debug|Any CPU
		Debug|x64 = Debug|x64
		Release|Any CPU = Release|Any CPU
		Release|x64 = Release|x64
	EndGlobalSection
	GlobalSection(ProjectConfigurationPlatforms) = postSolution
		{98FAC88B-3D46-4894-BCBC-136559F24761}.Debug|Any CPU.ActiveCfg = Debug|Any CPU
		{98FAC88B-3D46-4894-BCBC-136559F24761}.Debug|Any CPU.Build.0 = Debug|Any CPU
		{98FAC88B-3D46-4894-BCBC-136559F24761}.Debug|x64.ActiveCfg = Debug|x64
		{98FAC88B-3D46-4894-BCBC-136559F24761}.Debug|x64.Build.0 = Debug|x64
		{98FAC88B-3D46-4894-BCBC-136559F24761}.Release|Any CPU.ActiveCfg = Release|Any CPU
		{98FAC88B-3D46-4894-BCBC-136559F24761}.Release|Any CPU.Build.0 = Release|Any CPU
		{98FAC88B-3D46-4894-BCBC-136559F24761}.Release|x64.ActiveCfg = Release|x64
		{98FAC88B-3D46-4894-BCBC-136559F24761}.Release|x64.Build.0 = Release|x64
	EndGlobalSection
	GlobalSection(SolutionProperties) = preSolution
		HideSolutionNode = FALSE
	EndGlobalSection
	GlobalSection(ExtensibilityGlobals) = postSolution
		SolutionGuid = {026624C0-0D22-487C-B4C7-4F1C3A4E26BE}
	EndGlobalSection
EndGlobal
